
Microsoft Visual Studio Solution File, Format Version 12.00
# Visual Studio Version 17
VisualStudioVersion = 17.4.33213.308
MinimumVisualStudioVersion = 10.0.40219.1
Project("{FAE04EC0-301F-11D3-BF4B-00C04F79EFBC}") = "OurWebsite", "OurWebsite\OurWebsite.csproj", "{A512921C-FFFF-420D-9493-D94A6303A180}"
EndProject
Global
	GlobalSection(SolutionConfigurationPlatforms) = preSolution
		Debug|Any CPU = Debug|Any CPU
		Release|Any CPU = Release|Any CPU
	EndGlobalSection
	GlobalSection(ProjectConfigurationPlatforms) = postSolution
		{A512921C-FFFF-420D-9493-D94A6303A180}.Debug|Any CPU.ActiveCfg = Debug|Any CPU
		{A512921C-FFFF-420D-9493-D94A6303A180}.Debug|Any CPU.Build.0 = Debug|Any CPU
		{A512921C-FFFF-420D-9493-D94A6303A180}.Release|Any CPU.ActiveCfg = Release|Any CPU
		{A512921C-FFFF-420D-9493-D94A6303A180}.Release|Any CPU.Build.0 = Release|Any CPU
	EndGlobalSection
	GlobalSection(SolutionProperties) = preSolution
		HideSolutionNode = FALSE
	EndGlobalSection
	GlobalSection(ExtensibilityGlobals) = postSolution
		SolutionGuid = {B59876C4-A35A-47CA-AEFF-DE37714050C3}
	EndGlobalSection
EndGlobal
